<?xml version="1.0" encoding="utf-8"?>
<Project ToolsVersion="4.0" xmlns="http://schemas.microsoft.com/developer/msbuild/2003">
  <ItemGroup>
    <Filter Include="소스 파일">
      <UniqueIdentifier>{4FC737F1-C7A5-4376-A066-2A32D752A2FF}</UniqueIdentifier>
      <Extensions>cpp;c;cc;cxx;c++;cppm;ixx;def;odl;idl;hpj;bat;asm;asmx</Extensions>
    </Filter>
    <Filter Include="헤더 파일">
      <UniqueIdentifier>{93995380-89BD-4b04-88EB-625FBE52EBFB}</UniqueIdentifier>
      <Extensions>h;hh;hpp;hxx;h++;hm;inl;inc;ipp;xsd</Extensions>
    </Filter>
    <Filter Include="Resources">
      <UniqueIdentifier>{67DA6AB6-F800-4c08-8B7A-83BB121AAD01}</UniqueIdentifier>
      <Extensions>rc;ico;cur;bmp;dlg;rc2;rct;bin;rgs;gif;jpg;jpeg;jpe;resx;tiff;tif;png;wav;mfcribbon-ms</Extensions>
    </Filter>
    <Filter Include="UI">
      <UniqueIdentifier>{71e6c9b6-089e-4f39-9c1a-7d0006ef67d4}</UniqueIdentifier>
    </Filter>
    <Filter Include="Core">
      <UniqueIdentifier>{edcb1277-d15a-4803-8430-ed14cec555eb}</UniqueIdentifier>
    </Filter>
    <Filter Include="Network">
      <UniqueIdentifier>{2f537abb-a399-44d2-9f3c-0945eaa36cad}</UniqueIdentifier>
    </Filter>
    <Filter Include="Network\DummyServer">
      <UniqueIdentifier>{38f77226-508b-46ee-879f-b50142096401}</UniqueIdentifier>
    </Filter>
    <Filter Include="Services">
      <UniqueIdentifier>{58ff302e-78c3-4b54-b5e0-04799b61aeb6}</UniqueIdentifier>
    </Filter>
    <Filter Include="Utils">
      <UniqueIdentifier>{07cbe49d-d99b-4f78-ae8f-79cd9ca0be1f}</UniqueIdentifier>
    </Filter>
    <Filter Include="Tests">
      <UniqueIdentifier>{238a6a40-80a8-4b9e-a627-7ce893721cc0}</UniqueIdentifier>
    </Filter>
    <Filter Include="Docs">
      <UniqueIdentifier>{f3e0448b-047b-40f2-a3cc-47ac87a4c10d}</UniqueIdentifier>
    </Filter>
  </ItemGroup>
  <ItemGroup>
    <ClInclude Include="HTS-Lite.h">
      <Filter>헤더 파일</Filter>
    </ClInclude>
    <ClInclude Include="HTS-LiteDlg.h">
      <Filter>헤더 파일</Filter>
    </ClInclude>
    <ClInclude Include="framework.h">
      <Filter>헤더 파일</Filter>
    </ClInclude>
    <ClInclude Include="targetver.h">
      <Filter>헤더 파일</Filter>
    </ClInclude>
    <ClInclude Include="Resource.h">
      <Filter>헤더 파일</Filter>
    </ClInclude>
    <ClInclude Include="pch.h">
      <Filter>헤더 파일</Filter>
    </ClInclude>
    <ClInclude Include="MainDialog.h">
      <Filter>UI</Filter>
    </ClInclude>
    <ClInclude Include="QuotePanel.h">
      <Filter>UI</Filter>
    </ClInclude>
    <ClInclude Include="OrderPanel.h">
      <Filter>UI</Filter>
    </ClInclude>
    <ClInclude Include="PortfolioPanel.h">
      <Filter>UI</Filter>
    </ClInclude>
    <ClInclude Include="CustomControls.h">
      <Filter>UI</Filter>
    </ClInclude>
    <ClInclude Include="QuoteEngine.h">
      <Filter>Core</Filter>
    </ClInclude>
    <ClInclude Include="OrderManager.h">
      <Filter>Core</Filter>
    </ClInclude>
    <ClInclude Include="AccountManager.h">
      <Filter>Core</Filter>
    </ClInclude>
    <ClInclude Include="Logger.h">
      <Filter>Core</Filter>
    </ClInclude>
    <ClInclude Include="SocketClient.h">
      <Filter>Network</Filter>
    </ClInclude>
    <ClInclude Include="ProtocolHandler.h">
      <Filter>Network</Filter>
    </ClInclude>
    <ClInclude Include="KIwoomAPIWrapper.h">
      <Filter>Services</Filter>
    </ClInclude>
    <ClInclude Include="AuthService.h">
      <Filter>Services</Filter>
    </ClInclude>
    <ClInclude Include="ConfigLoader.h">
      <Filter>Utils</Filter>
    </ClInclude>
    <ClInclude Include="Encryptor.h">
      <Filter>Utils</Filter>
    </ClInclude>
    <ClInclude Include="TimeUtils.h">
      <Filter>Utils</Filter>
    </ClInclude>
    <ClInclude Include="StringUtils.h">
      <Filter>Utils</Filter>
    </ClInclude>
    <ClInclude Include="NetworkManager.h">
      <Filter>Network</Filter>
    </ClInclude>
  </ItemGroup>
  <ItemGroup>
    <ClCompile Include="HTS-Lite.cpp">
      <Filter>소스 파일</Filter>
    </ClCompile>
    <ClCompile Include="HTS-LiteDlg.cpp">
      <Filter>소스 파일</Filter>
    </ClCompile>
    <ClCompile Include="pch.cpp">
      <Filter>소스 파일</Filter>
    </ClCompile>
    <ClCompile Include="MainDialog.cpp">
      <Filter>UI</Filter>
    </ClCompile>
    <ClCompile Include="QuotePanel.cpp">
      <Filter>UI</Filter>
    </ClCompile>
    <ClCompile Include="OrderPanel.cpp">
      <Filter>UI</Filter>
    </ClCompile>
    <ClCompile Include="PortfolioPanel.cpp">
      <Filter>UI</Filter>
    </ClCompile>
    <ClCompile Include="CustomControls.cpp">
      <Filter>UI</Filter>
    </ClCompile>
    <ClCompile Include="QuoteEngine.cpp">
      <Filter>Core</Filter>
    </ClCompile>
    <ClCompile Include="OrderManager.cpp">
      <Filter>Core</Filter>
    </ClCompile>
    <ClCompile Include="AccountManager.cpp">
      <Filter>Core</Filter>
    </ClCompile>
    <ClCompile Include="Logger.cpp">
      <Filter>Core</Filter>
    </ClCompile>
    <ClCompile Include="SocketClient.cpp">
      <Filter>Network</Filter>
    </ClCompile>
    <ClCompile Include="ProtocolHandler.cpp">
      <Filter>Network</Filter>
    </ClCompile>
    <ClCompile Include="KIwoomAPIWrapper.cpp">
      <Filter>Services</Filter>
    </ClCompile>
    <ClCompile Include="AuthService.cpp">
      <Filter>Services</Filter>
    </ClCompile>
    <ClCompile Include="ConfigLoader.cpp">
      <Filter>Utils</Filter>
    </ClCompile>
    <ClCompile Include="Encryptor.cpp">
      <Filter>Utils</Filter>
    </ClCompile>
    <ClCompile Include="TimeUtils.cpp">
      <Filter>Utils</Filter>
    </ClCompile>
    <ClCompile Include="StringUtils.cpp">
      <Filter>Utils</Filter>
    </ClCompile>
    <ClCompile Include="TestQuoteEngine.cpp">
      <Filter>Tests</Filter>
    </ClCompile>
    <ClCompile Include="MockQuoteServer.cpp">
      <Filter>Tests</Filter>
    </ClCompile>
    <ClCompile Include="NetworkManager.cpp">
      <Filter>Network</Filter>
    </ClCompile>
  </ItemGroup>
  <ItemGroup>
    <ResourceCompile Include="HTSLite.rc">
      <Filter>Resources</Filter>
    </ResourceCompile>
  </ItemGroup>
  <ItemGroup>
    <None Include="res\HTSLite.rc2">
      <Filter>Resources</Filter>
    </None>
    <None Include="README.md">
      <Filter>Docs</Filter>
    </None>
    <None Include="ARCHITECTURE.md">
      <Filter>Docs</Filter>
    </None>
    <None Include="API_SPEC.md">
      <Filter>Docs</Filter>
    </None>
  </ItemGroup>
  <ItemGroup>
    <Image Include="res\HTS-Lite.ico">
      <Filter>Resources</Filter>
    </Image>
  </ItemGroup>
</Project>